
Microsoft Visual Studio Solution File, Format Version 12.00
# Visual Studio 14
VisualStudioVersion = 14.0.24720.0
MinimumVisualStudioVersion = 10.0.40219.1
Project("{2150E333-8FDC-42A3-9474-1A3956D46DE8}") = "Core", "Core", "{D5543B2B-DC8C-44AC-9DCF-95C7D4071370}"
EndProject
Project("{2150E333-8FDC-42A3-9474-1A3956D46DE8}") = "Host", "Host", "{F87DA4B2-209D-4BEA-A847-37043EB3B0AF}"
EndProject
Project("{2150E333-8FDC-42A3-9474-1A3956D46DE8}") = "DataAccess", "DataAccess", "{35BF4BCC-9065-4E92-A971-5C0CA8F34BD4}"
EndProject
Project("{2150E333-8FDC-42A3-9474-1A3956D46DE8}") = "Tests", "Tests", "{C01E7761-DC39-4592-8A24-C14952436F9F}"
EndProject
Project("{2150E333-8FDC-42A3-9474-1A3956D46DE8}") = "Business", "Business", "{D044B7D9-C868-41BE-B229-BD57F69A8F72}"
EndProject
Project("{FAE04EC0-301F-11D3-BF4B-00C04F79EFBC}") = "Business.Entities", "Business.Entities\Business.Entities.csproj", "{0EB959DD-4FC2-432C-98C3-63326FE97CDA}"
EndProject
Project("{FAE04EC0-301F-11D3-BF4B-00C04F79EFBC}") = "Data.Entities", "Data.Entities\Data.Entities.csproj", "{281F416A-4DAF-483C-9432-A81203C73C4A}"
EndProject
Project("{FAE04EC0-301F-11D3-BF4B-00C04F79EFBC}") = "Data.Core", "Data.DAL\Data.Core.csproj", "{827A0CF8-322D-424B-A9CC-A018BF9979C8}"
EndProject
Project("{FAE04EC0-301F-11D3-BF4B-00C04F79EFBC}") = "Core.Common", "Core.Common\Core.Common.csproj", "{5142B00F-4FE0-4052-8F6A-A3737D6A1975}"
EndProject
Project("{FAE04EC0-301F-11D3-BF4B-00C04F79EFBC}") = "Host.WCF", "Host.WCF\Host.WCF.csproj", "{02A0B492-B736-49F8-9A9E-6193DE0EEE77}"
EndProject
Project("{FAE04EC0-301F-11D3-BF4B-00C04F79EFBC}") = "Business.Services", "Business.Services\Business.Services.csproj", "{A68C46FD-ACC1-42EE-8AD9-5BFE886A6F34}"
EndProject
Project("{FAE04EC0-301F-11D3-BF4B-00C04F79EFBC}") = "Business.Contracts", "Business.Contracts\Business.Contracts.csproj", "{3A788C1C-120D-41BE-9EA7-3FF59DB6AB67}"
EndProject
Project("{2150E333-8FDC-42A3-9474-1A3956D46DE8}") = "Presentation", "Presentation", "{CEA618DB-9E61-4CBD-B1AA-278B359740A4}"
EndProject
Project("{2150E333-8FDC-42A3-9474-1A3956D46DE8}") = "Mobile", "Mobile", "{77591A01-39E9-45E0-AD3D-61BC565D1D36}"
EndProject
Project("{2150E333-8FDC-42A3-9474-1A3956D46DE8}") = "Website", "Website", "{F12A894D-2817-477E-B56A-52314F2BE711}"
EndProject
Project("{FAE04EC0-301F-11D3-BF4B-00C04F79EFBC}") = "Mobile.Helper.Services", "Mobile.Helper.Services\Mobile.Helper.Services.csproj", "{28D12F69-7BD2-4984-98C8-11900A3A8034}"
EndProject
Project("{FAE04EC0-301F-11D3-BF4B-00C04F79EFBC}") = "Mobile.Model", "Mobile.Model\Mobile.Model.csproj", "{ABB73171-BAE8-49F9-A2AE-46E27D195E6D}"
EndProject
Project("{FAE04EC0-301F-11D3-BF4B-00C04F79EFBC}") = "Mobile.View", "Mobile.View\Mobile.View.csproj", "{2C3BE4E3-B5D9-4DB5-9013-3E09B112F984}"
EndProject
Project("{FAE04EC0-301F-11D3-BF4B-00C04F79EFBC}") = "Mobile.ViewModel", "Mobile.ViewModel\Mobile.ViewModel.csproj", "{5E7C0F5E-99C0-4286-8905-F6BA5A9F62C4}"
EndProject
Global
	GlobalSection(SolutionConfigurationPlatforms) = preSolution
		Debug|Any CPU = Debug|Any CPU
		Debug|ARM = Debug|ARM
		Debug|x64 = Debug|x64
		Debug|x86 = Debug|x86
		Release|Any CPU = Release|Any CPU
		Release|ARM = Release|ARM
		Release|x64 = Release|x64
		Release|x86 = Release|x86
	EndGlobalSection
	GlobalSection(ProjectConfigurationPlatforms) = postSolution
		{0EB959DD-4FC2-432C-98C3-63326FE97CDA}.Debug|Any CPU.ActiveCfg = Debug|Any CPU
		{0EB959DD-4FC2-432C-98C3-63326FE97CDA}.Debug|Any CPU.Build.0 = Debug|Any CPU
		{0EB959DD-4FC2-432C-98C3-63326FE97CDA}.Debug|ARM.ActiveCfg = Debug|Any CPU
		{0EB959DD-4FC2-432C-98C3-63326FE97CDA}.Debug|ARM.Build.0 = Debug|Any CPU
		{0EB959DD-4FC2-432C-98C3-63326FE97CDA}.Debug|x64.ActiveCfg = Debug|Any CPU
		{0EB959DD-4FC2-432C-98C3-63326FE97CDA}.Debug|x64.Build.0 = Debug|Any CPU
		{0EB959DD-4FC2-432C-98C3-63326FE97CDA}.Debug|x86.ActiveCfg = Debug|Any CPU
		{0EB959DD-4FC2-432C-98C3-63326FE97CDA}.Debug|x86.Build.0 = Debug|Any CPU
		{0EB959DD-4FC2-432C-98C3-63326FE97CDA}.Release|Any CPU.ActiveCfg = Release|Any CPU
		{0EB959DD-4FC2-432C-98C3-63326FE97CDA}.Release|Any CPU.Build.0 = Release|Any CPU
		{0EB959DD-4FC2-432C-98C3-63326FE97CDA}.Release|ARM.ActiveCfg = Release|Any CPU
		{0EB959DD-4FC2-432C-98C3-63326FE97CDA}.Release|ARM.Build.0 = Release|Any CPU
		{0EB959DD-4FC2-432C-98C3-63326FE97CDA}.Release|x64.ActiveCfg = Release|Any CPU
		{0EB959DD-4FC2-432C-98C3-63326FE97CDA}.Release|x64.Build.0 = Release|Any CPU
		{0EB959DD-4FC2-432C-98C3-63326FE97CDA}.Release|x86.ActiveCfg = Release|Any CPU
		{0EB959DD-4FC2-432C-98C3-63326FE97CDA}.Release|x86.Build.0 = Release|Any CPU
		{281F416A-4DAF-483C-9432-A81203C73C4A}.Debug|Any CPU.ActiveCfg = Debug|Any CPU
		{281F416A-4DAF-483C-9432-A81203C73C4A}.Debug|Any CPU.Build.0 = Debug|Any CPU
		{281F416A-4DAF-483C-9432-A81203C73C4A}.Debug|ARM.ActiveCfg = Debug|Any CPU
		{281F416A-4DAF-483C-9432-A81203C73C4A}.Debug|ARM.Build.0 = Debug|Any CPU
		{281F416A-4DAF-483C-9432-A81203C73C4A}.Debug|x64.ActiveCfg = Debug|Any CPU
		{281F416A-4DAF-483C-9432-A81203C73C4A}.Debug|x64.Build.0 = Debug|Any CPU
		{281F416A-4DAF-483C-9432-A81203C73C4A}.Debug|x86.ActiveCfg = Debug|Any CPU
		{281F416A-4DAF-483C-9432-A81203C73C4A}.Debug|x86.Build.0 = Debug|Any CPU
		{281F416A-4DAF-483C-9432-A81203C73C4A}.Release|Any CPU.ActiveCfg = Release|Any CPU
		{281F416A-4DAF-483C-9432-A81203C73C4A}.Release|Any CPU.Build.0 = Release|Any CPU
		{281F416A-4DAF-483C-9432-A81203C73C4A}.Release|ARM.ActiveCfg = Release|Any CPU
		{281F416A-4DAF-483C-9432-A81203C73C4A}.Release|ARM.Build.0 = Release|Any CPU
		{281F416A-4DAF-483C-9432-A81203C73C4A}.Release|x64.ActiveCfg = Release|Any CPU
		{281F416A-4DAF-483C-9432-A81203C73C4A}.Release|x64.Build.0 = Release|Any CPU
		{281F416A-4DAF-483C-9432-A81203C73C4A}.Release|x86.ActiveCfg = Release|Any CPU
		{281F416A-4DAF-483C-9432-A81203C73C4A}.Release|x86.Build.0 = Release|Any CPU
		{827A0CF8-322D-424B-A9CC-A018BF9979C8}.Debug|Any CPU.ActiveCfg = Debug|Any CPU
		{827A0CF8-322D-424B-A9CC-A018BF9979C8}.Debug|Any CPU.Build.0 = Debug|Any CPU
		{827A0CF8-322D-424B-A9CC-A018BF9979C8}.Debug|ARM.ActiveCfg = Debug|Any CPU
		{827A0CF8-322D-424B-A9CC-A018BF9979C8}.Debug|ARM.Build.0 = Debug|Any CPU
		{827A0CF8-322D-424B-A9CC-A018BF9979C8}.Debug|x64.ActiveCfg = Debug|Any CPU
		{827A0CF8-322D-424B-A9CC-A018BF9979C8}.Debug|x64.Build.0 = Debug|Any CPU
		{827A0CF8-322D-424B-A9CC-A018BF9979C8}.Debug|x86.ActiveCfg = Debug|Any CPU
		{827A0CF8-322D-424B-A9CC-A018BF9979C8}.Debug|x86.Build.0 = Debug|Any CPU
		{827A0CF8-322D-424B-A9CC-A018BF9979C8}.Release|Any CPU.ActiveCfg = Release|Any CPU
		{827A0CF8-322D-424B-A9CC-A018BF9979C8}.Release|Any CPU.Build.0 = Release|Any CPU
		{827A0CF8-322D-424B-A9CC-A018BF9979C8}.Release|ARM.ActiveCfg = Release|Any CPU
		{827A0CF8-322D-424B-A9CC-A018BF9979C8}.Release|ARM.Build.0 = Release|Any CPU
		{827A0CF8-322D-424B-A9CC-A018BF9979C8}.Release|x64.ActiveCfg = Release|Any CPU
		{827A0CF8-322D-424B-A9CC-A018BF9979C8}.Release|x64.Build.0 = Release|Any CPU
		{827A0CF8-322D-424B-A9CC-A018BF9979C8}.Release|x86.ActiveCfg = Release|Any CPU
		{827A0CF8-322D-424B-A9CC-A018BF9979C8}.Release|x86.Build.0 = Release|Any CPU
		{5142B00F-4FE0-4052-8F6A-A3737D6A1975}.Debug|Any CPU.ActiveCfg = Debug|Any CPU
		{5142B00F-4FE0-4052-8F6A-A3737D6A1975}.Debug|Any CPU.Build.0 = Debug|Any CPU
		{5142B00F-4FE0-4052-8F6A-A3737D6A1975}.Debug|ARM.ActiveCfg = Debug|Any CPU
		{5142B00F-4FE0-4052-8F6A-A3737D6A1975}.Debug|ARM.Build.0 = Debug|Any CPU
		{5142B00F-4FE0-4052-8F6A-A3737D6A1975}.Debug|x64.ActiveCfg = Debug|Any CPU
		{5142B00F-4FE0-4052-8F6A-A3737D6A1975}.Debug|x64.Build.0 = Debug|Any CPU
		{5142B00F-4FE0-4052-8F6A-A3737D6A1975}.Debug|x86.ActiveCfg = Debug|Any CPU
		{5142B00F-4FE0-4052-8F6A-A3737D6A1975}.Debug|x86.Build.0 = Debug|Any CPU
		{5142B00F-4FE0-4052-8F6A-A3737D6A1975}.Release|Any CPU.ActiveCfg = Release|Any CPU
		{5142B00F-4FE0-4052-8F6A-A3737D6A1975}.Release|Any CPU.Build.0 = Release|Any CPU
		{5142B00F-4FE0-4052-8F6A-A3737D6A1975}.Release|ARM.ActiveCfg = Release|Any CPU
		{5142B00F-4FE0-4052-8F6A-A3737D6A1975}.Release|ARM.Build.0 = Release|Any CPU
		{5142B00F-4FE0-4052-8F6A-A3737D6A1975}.Release|x64.ActiveCfg = Release|Any CPU
		{5142B00F-4FE0-4052-8F6A-A3737D6A1975}.Release|x64.Build.0 = Release|Any CPU
		{5142B00F-4FE0-4052-8F6A-A3737D6A1975}.Release|x86.ActiveCfg = Release|Any CPU
		{5142B00F-4FE0-4052-8F6A-A3737D6A1975}.Release|x86.Build.0 = Release|Any CPU
		{02A0B492-B736-49F8-9A9E-6193DE0EEE77}.Debug|Any CPU.ActiveCfg = Debug|Any CPU
		{02A0B492-B736-49F8-9A9E-6193DE0EEE77}.Debug|Any CPU.Build.0 = Debug|Any CPU
		{02A0B492-B736-49F8-9A9E-6193DE0EEE77}.Debug|ARM.ActiveCfg = Debug|Any CPU
		{02A0B492-B736-49F8-9A9E-6193DE0EEE77}.Debug|ARM.Build.0 = Debug|Any CPU
		{02A0B492-B736-49F8-9A9E-6193DE0EEE77}.Debug|x64.ActiveCfg = Debug|Any CPU
		{02A0B492-B736-49F8-9A9E-6193DE0EEE77}.Debug|x64.Build.0 = Debug|Any CPU
		{02A0B492-B736-49F8-9A9E-6193DE0EEE77}.Debug|x86.ActiveCfg = Debug|Any CPU
		{02A0B492-B736-49F8-9A9E-6193DE0EEE77}.Debug|x86.Build.0 = Debug|Any CPU
		{02A0B492-B736-49F8-9A9E-6193DE0EEE77}.Release|Any CPU.ActiveCfg = Release|Any CPU
		{02A0B492-B736-49F8-9A9E-6193DE0EEE77}.Release|Any CPU.Build.0 = Release|Any CPU
		{02A0B492-B736-49F8-9A9E-6193DE0EEE77}.Release|ARM.ActiveCfg = Release|Any CPU
		{02A0B492-B736-49F8-9A9E-6193DE0EEE77}.Release|ARM.Build.0 = Release|Any CPU
		{02A0B492-B736-49F8-9A9E-6193DE0EEE77}.Release|x64.ActiveCfg = Release|Any CPU
		{02A0B492-B736-49F8-9A9E-6193DE0EEE77}.Release|x64.Build.0 = Release|Any CPU
		{02A0B492-B736-49F8-9A9E-6193DE0EEE77}.Release|x86.ActiveCfg = Release|Any CPU
		{02A0B492-B736-49F8-9A9E-6193DE0EEE77}.Release|x86.Build.0 = Release|Any CPU
		{A68C46FD-ACC1-42EE-8AD9-5BFE886A6F34}.Debug|Any CPU.ActiveCfg = Debug|Any CPU
		{A68C46FD-ACC1-42EE-8AD9-5BFE886A6F34}.Debug|Any CPU.Build.0 = Debug|Any CPU
		{A68C46FD-ACC1-42EE-8AD9-5BFE886A6F34}.Debug|ARM.ActiveCfg = Debug|Any CPU
		{A68C46FD-ACC1-42EE-8AD9-5BFE886A6F34}.Debug|ARM.Build.0 = Debug|Any CPU
		{A68C46FD-ACC1-42EE-8AD9-5BFE886A6F34}.Debug|x64.ActiveCfg = Debug|Any CPU
		{A68C46FD-ACC1-42EE-8AD9-5BFE886A6F34}.Debug|x64.Build.0 = Debug|Any CPU
		{A68C46FD-ACC1-42EE-8AD9-5BFE886A6F34}.Debug|x86.ActiveCfg = Debug|Any CPU
		{A68C46FD-ACC1-42EE-8AD9-5BFE886A6F34}.Debug|x86.Build.0 = Debug|Any CPU
		{A68C46FD-ACC1-42EE-8AD9-5BFE886A6F34}.Release|Any CPU.ActiveCfg = Release|Any CPU
		{A68C46FD-ACC1-42EE-8AD9-5BFE886A6F34}.Release|Any CPU.Build.0 = Release|Any CPU
		{A68C46FD-ACC1-42EE-8AD9-5BFE886A6F34}.Release|ARM.ActiveCfg = Release|Any CPU
		{A68C46FD-ACC1-42EE-8AD9-5BFE886A6F34}.Release|ARM.Build.0 = Release|Any CPU
		{A68C46FD-ACC1-42EE-8AD9-5BFE886A6F34}.Release|x64.ActiveCfg = Release|Any CPU
		{A68C46FD-ACC1-42EE-8AD9-5BFE886A6F34}.Release|x64.Build.0 = Release|Any CPU
		{A68C46FD-ACC1-42EE-8AD9-5BFE886A6F34}.Release|x86.ActiveCfg = Release|Any CPU
		{A68C46FD-ACC1-42EE-8AD9-5BFE886A6F34}.Release|x86.Build.0 = Release|Any CPU
		{3A788C1C-120D-41BE-9EA7-3FF59DB6AB67}.Debug|Any CPU.ActiveCfg = Debug|Any CPU
		{3A788C1C-120D-41BE-9EA7-3FF59DB6AB67}.Debug|Any CPU.Build.0 = Debug|Any CPU
		{3A788C1C-120D-41BE-9EA7-3FF59DB6AB67}.Debug|ARM.ActiveCfg = Debug|Any CPU
		{3A788C1C-120D-41BE-9EA7-3FF59DB6AB67}.Debug|ARM.Build.0 = Debug|Any CPU
		{3A788C1C-120D-41BE-9EA7-3FF59DB6AB67}.Debug|x64.ActiveCfg = Debug|Any CPU
		{3A788C1C-120D-41BE-9EA7-3FF59DB6AB67}.Debug|x64.Build.0 = Debug|Any CPU
		{3A788C1C-120D-41BE-9EA7-3FF59DB6AB67}.Debug|x86.ActiveCfg = Debug|Any CPU
		{3A788C1C-120D-41BE-9EA7-3FF59DB6AB67}.Debug|x86.Build.0 = Debug|Any CPU
		{3A788C1C-120D-41BE-9EA7-3FF59DB6AB67}.Release|Any CPU.ActiveCfg = Release|Any CPU
		{3A788C1C-120D-41BE-9EA7-3FF59DB6AB67}.Release|Any CPU.Build.0 = Release|Any CPU
		{3A788C1C-120D-41BE-9EA7-3FF59DB6AB67}.Release|ARM.ActiveCfg = Release|Any CPU
		{3A788C1C-120D-41BE-9EA7-3FF59DB6AB67}.Release|ARM.Build.0 = Release|Any CPU
		{3A788C1C-120D-41BE-9EA7-3FF59DB6AB67}.Release|x64.ActiveCfg = Release|Any CPU
		{3A788C1C-120D-41BE-9EA7-3FF59DB6AB67}.Release|x64.Build.0 = Release|Any CPU
		{3A788C1C-120D-41BE-9EA7-3FF59DB6AB67}.Release|x86.ActiveCfg = Release|Any CPU
		{3A788C1C-120D-41BE-9EA7-3FF59DB6AB67}.Release|x86.Build.0 = Release|Any CPU
		{28D12F69-7BD2-4984-98C8-11900A3A8034}.Debug|Any CPU.ActiveCfg = Debug|Any CPU
		{28D12F69-7BD2-4984-98C8-11900A3A8034}.Debug|Any CPU.Build.0 = Debug|Any CPU
		{28D12F69-7BD2-4984-98C8-11900A3A8034}.Debug|ARM.ActiveCfg = Debug|ARM
		{28D12F69-7BD2-4984-98C8-11900A3A8034}.Debug|ARM.Build.0 = Debug|ARM
		{28D12F69-7BD2-4984-98C8-11900A3A8034}.Debug|x64.ActiveCfg = Debug|x64
		{28D12F69-7BD2-4984-98C8-11900A3A8034}.Debug|x64.Build.0 = Debug|x64
		{28D12F69-7BD2-4984-98C8-11900A3A8034}.Debug|x86.ActiveCfg = Debug|x86
		{28D12F69-7BD2-4984-98C8-11900A3A8034}.Debug|x86.Build.0 = Debug|x86
		{28D12F69-7BD2-4984-98C8-11900A3A8034}.Release|Any CPU.ActiveCfg = Release|Any CPU
		{28D12F69-7BD2-4984-98C8-11900A3A8034}.Release|Any CPU.Build.0 = Release|Any CPU
		{28D12F69-7BD2-4984-98C8-11900A3A8034}.Release|ARM.ActiveCfg = Release|ARM
		{28D12F69-7BD2-4984-98C8-11900A3A8034}.Release|ARM.Build.0 = Release|ARM
		{28D12F69-7BD2-4984-98C8-11900A3A8034}.Release|x64.ActiveCfg = Release|x64
		{28D12F69-7BD2-4984-98C8-11900A3A8034}.Release|x64.Build.0 = Release|x64
		{28D12F69-7BD2-4984-98C8-11900A3A8034}.Release|x86.ActiveCfg = Release|x86
		{28D12F69-7BD2-4984-98C8-11900A3A8034}.Release|x86.Build.0 = Release|x86
		{ABB73171-BAE8-49F9-A2AE-46E27D195E6D}.Debug|Any CPU.ActiveCfg = Debug|Any CPU
		{ABB73171-BAE8-49F9-A2AE-46E27D195E6D}.Debug|Any CPU.Build.0 = Debug|Any CPU
		{ABB73171-BAE8-49F9-A2AE-46E27D195E6D}.Debug|ARM.ActiveCfg = Debug|ARM
		{ABB73171-BAE8-49F9-A2AE-46E27D195E6D}.Debug|ARM.Build.0 = Debug|ARM
		{ABB73171-BAE8-49F9-A2AE-46E27D195E6D}.Debug|x64.ActiveCfg = Debug|x64
		{ABB73171-BAE8-49F9-A2AE-46E27D195E6D}.Debug|x64.Build.0 = Debug|x64
		{ABB73171-BAE8-49F9-A2AE-46E27D195E6D}.Debug|x86.ActiveCfg = Debug|x86
		{ABB73171-BAE8-49F9-A2AE-46E27D195E6D}.Debug|x86.Build.0 = Debug|x86
		{ABB73171-BAE8-49F9-A2AE-46E27D195E6D}.Release|Any CPU.ActiveCfg = Release|Any CPU
		{ABB73171-BAE8-49F9-A2AE-46E27D195E6D}.Release|Any CPU.Build.0 = Release|Any CPU
		{ABB73171-BAE8-49F9-A2AE-46E27D195E6D}.Release|ARM.ActiveCfg = Release|ARM
		{ABB73171-BAE8-49F9-A2AE-46E27D195E6D}.Release|ARM.Build.0 = Release|ARM
		{ABB73171-BAE8-49F9-A2AE-46E27D195E6D}.Release|x64.ActiveCfg = Release|x64
		{ABB73171-BAE8-49F9-A2AE-46E27D195E6D}.Release|x64.Build.0 = Release|x64
		{ABB73171-BAE8-49F9-A2AE-46E27D195E6D}.Release|x86.ActiveCfg = Release|x86
		{ABB73171-BAE8-49F9-A2AE-46E27D195E6D}.Release|x86.Build.0 = Release|x86
		{2C3BE4E3-B5D9-4DB5-9013-3E09B112F984}.Debug|Any CPU.ActiveCfg = Debug|x86
		{2C3BE4E3-B5D9-4DB5-9013-3E09B112F984}.Debug|ARM.ActiveCfg = Debug|ARM
		{2C3BE4E3-B5D9-4DB5-9013-3E09B112F984}.Debug|ARM.Build.0 = Debug|ARM
		{2C3BE4E3-B5D9-4DB5-9013-3E09B112F984}.Debug|ARM.Deploy.0 = Debug|ARM
		{2C3BE4E3-B5D9-4DB5-9013-3E09B112F984}.Debug|x64.ActiveCfg = Debug|x64
		{2C3BE4E3-B5D9-4DB5-9013-3E09B112F984}.Debug|x64.Build.0 = Debug|x64
		{2C3BE4E3-B5D9-4DB5-9013-3E09B112F984}.Debug|x64.Deploy.0 = Debug|x64
		{2C3BE4E3-B5D9-4DB5-9013-3E09B112F984}.Debug|x86.ActiveCfg = Debug|x86
		{2C3BE4E3-B5D9-4DB5-9013-3E09B112F984}.Debug|x86.Build.0 = Debug|x86
		{2C3BE4E3-B5D9-4DB5-9013-3E09B112F984}.Debug|x86.Deploy.0 = Debug|x86
		{2C3BE4E3-B5D9-4DB5-9013-3E09B112F984}.Release|Any CPU.ActiveCfg = Release|x86
		{2C3BE4E3-B5D9-4DB5-9013-3E09B112F984}.Release|ARM.ActiveCfg = Release|ARM
		{2C3BE4E3-B5D9-4DB5-9013-3E09B112F984}.Release|ARM.Build.0 = Release|ARM
		{2C3BE4E3-B5D9-4DB5-9013-3E09B112F984}.Release|ARM.Deploy.0 = Release|ARM
		{2C3BE4E3-B5D9-4DB5-9013-3E09B112F984}.Release|x64.ActiveCfg = Release|x64
		{2C3BE4E3-B5D9-4DB5-9013-3E09B112F984}.Release|x64.Build.0 = Release|x64
		{2C3BE4E3-B5D9-4DB5-9013-3E09B112F984}.Release|x64.Deploy.0 = Release|x64
		{2C3BE4E3-B5D9-4DB5-9013-3E09B112F984}.Release|x86.ActiveCfg = Release|x86
		{2C3BE4E3-B5D9-4DB5-9013-3E09B112F984}.Release|x86.Build.0 = Release|x86
		{2C3BE4E3-B5D9-4DB5-9013-3E09B112F984}.Release|x86.Deploy.0 = Release|x86
		{5E7C0F5E-99C0-4286-8905-F6BA5A9F62C4}.Debug|Any CPU.ActiveCfg = Debug|Any CPU
		{5E7C0F5E-99C0-4286-8905-F6BA5A9F62C4}.Debug|Any CPU.Build.0 = Debug|Any CPU
		{5E7C0F5E-99C0-4286-8905-F6BA5A9F62C4}.Debug|ARM.ActiveCfg = Debug|ARM
		{5E7C0F5E-99C0-4286-8905-F6BA5A9F62C4}.Debug|ARM.Build.0 = Debug|ARM
		{5E7C0F5E-99C0-4286-8905-F6BA5A9F62C4}.Debug|x64.ActiveCfg = Debug|x64
		{5E7C0F5E-99C0-4286-8905-F6BA5A9F62C4}.Debug|x64.Build.0 = Debug|x64
		{5E7C0F5E-99C0-4286-8905-F6BA5A9F62C4}.Debug|x86.ActiveCfg = Debug|x86
		{5E7C0F5E-99C0-4286-8905-F6BA5A9F62C4}.Debug|x86.Build.0 = Debug|x86
		{5E7C0F5E-99C0-4286-8905-F6BA5A9F62C4}.Release|Any CPU.ActiveCfg = Release|Any CPU
		{5E7C0F5E-99C0-4286-8905-F6BA5A9F62C4}.Release|Any CPU.Build.0 = Release|Any CPU
		{5E7C0F5E-99C0-4286-8905-F6BA5A9F62C4}.Release|ARM.ActiveCfg = Release|ARM
		{5E7C0F5E-99C0-4286-8905-F6BA5A9F62C4}.Release|ARM.Build.0 = Release|ARM
		{5E7C0F5E-99C0-4286-8905-F6BA5A9F62C4}.Release|x64.ActiveCfg = Release|x64
		{5E7C0F5E-99C0-4286-8905-F6BA5A9F62C4}.Release|x64.Build.0 = Release|x64
		{5E7C0F5E-99C0-4286-8905-F6BA5A9F62C4}.Release|x86.ActiveCfg = Release|x86
		{5E7C0F5E-99C0-4286-8905-F6BA5A9F62C4}.Release|x86.Build.0 = Release|x86
	EndGlobalSection
	GlobalSection(SolutionProperties) = preSolution
		HideSolutionNode = FALSE
	EndGlobalSection
	GlobalSection(NestedProjects) = preSolution
		{0EB959DD-4FC2-432C-98C3-63326FE97CDA} = {D044B7D9-C868-41BE-B229-BD57F69A8F72}
		{281F416A-4DAF-483C-9432-A81203C73C4A} = {35BF4BCC-9065-4E92-A971-5C0CA8F34BD4}
		{827A0CF8-322D-424B-A9CC-A018BF9979C8} = {35BF4BCC-9065-4E92-A971-5C0CA8F34BD4}
		{5142B00F-4FE0-4052-8F6A-A3737D6A1975} = {D5543B2B-DC8C-44AC-9DCF-95C7D4071370}
		{02A0B492-B736-49F8-9A9E-6193DE0EEE77} = {F87DA4B2-209D-4BEA-A847-37043EB3B0AF}
		{A68C46FD-ACC1-42EE-8AD9-5BFE886A6F34} = {D044B7D9-C868-41BE-B229-BD57F69A8F72}
		{3A788C1C-120D-41BE-9EA7-3FF59DB6AB67} = {D044B7D9-C868-41BE-B229-BD57F69A8F72}
		{77591A01-39E9-45E0-AD3D-61BC565D1D36} = {CEA618DB-9E61-4CBD-B1AA-278B359740A4}
		{F12A894D-2817-477E-B56A-52314F2BE711} = {CEA618DB-9E61-4CBD-B1AA-278B359740A4}
		{28D12F69-7BD2-4984-98C8-11900A3A8034} = {77591A01-39E9-45E0-AD3D-61BC565D1D36}
		{ABB73171-BAE8-49F9-A2AE-46E27D195E6D} = {77591A01-39E9-45E0-AD3D-61BC565D1D36}
		{2C3BE4E3-B5D9-4DB5-9013-3E09B112F984} = {77591A01-39E9-45E0-AD3D-61BC565D1D36}
		{5E7C0F5E-99C0-4286-8905-F6BA5A9F62C4} = {77591A01-39E9-45E0-AD3D-61BC565D1D36}
	EndGlobalSection
EndGlobal
